
Microsoft Visual Studio Solution File, Format Version 12.00
# Visual Studio Version 16
VisualStudioVersion = 16.0.32802.440
MinimumVisualStudioVersion = 10.0.40219.1
Project("{FAE04EC0-301F-11D3-BF4B-00C04F79EFBC}") = "Controle-Cursos1", "Controle-Cursos1\Controle-Cursos1.csproj", "{EB408962-52FD-42E4-8790-AE5792D2FE3A}"
EndProject
Global
	GlobalSection(SolutionConfigurationPlatforms) = preSolution
		Debug|Any CPU = Debug|Any CPU
		Release|Any CPU = Release|Any CPU
	EndGlobalSection
	GlobalSection(ProjectConfigurationPlatforms) = postSolution
		{EB408962-52FD-42E4-8790-AE5792D2FE3A}.Debug|Any CPU.ActiveCfg = Debug|Any CPU
		{EB408962-52FD-42E4-8790-AE5792D2FE3A}.Debug|Any CPU.Build.0 = Debug|Any CPU
		{EB408962-52FD-42E4-8790-AE5792D2FE3A}.Release|Any CPU.ActiveCfg = Release|Any CPU
		{EB408962-52FD-42E4-8790-AE5792D2FE3A}.Release|Any CPU.Build.0 = Release|Any CPU
	EndGlobalSection
	GlobalSection(SolutionProperties) = preSolution
		HideSolutionNode = FALSE
	EndGlobalSection
	GlobalSection(ExtensibilityGlobals) = postSolution
		SolutionGuid = {ECDE037E-F700-42BD-BB7E-A2F7B815FC43}
	EndGlobalSection
EndGlobal
